
Microsoft Visual Studio Solution File, Format Version 12.00
# Visual Studio Version 17
VisualStudioVersion = 17.2.32602.215
MinimumVisualStudioVersion = 10.0.40219.1
Project("{FAE04EC0-301F-11D3-BF4B-00C04F79EFBC}") = "authAPIpoc", "authAPIpoc\authAPIpoc.csproj", "{E2C40223-56D7-4F1B-B2FC-8469A6321C52}"
EndProject
Global
	GlobalSection(SolutionConfigurationPlatforms) = preSolution
		Debug|Any CPU = Debug|Any CPU
		Release|Any CPU = Release|Any CPU
	EndGlobalSection
	GlobalSection(ProjectConfigurationPlatforms) = postSolution
		{E2C40223-56D7-4F1B-B2FC-8469A6321C52}.Debug|Any CPU.ActiveCfg = Debug|Any CPU
		{E2C40223-56D7-4F1B-B2FC-8469A6321C52}.Debug|Any CPU.Build.0 = Debug|Any CPU
		{E2C40223-56D7-4F1B-B2FC-8469A6321C52}.Release|Any CPU.ActiveCfg = Release|Any CPU
		{E2C40223-56D7-4F1B-B2FC-8469A6321C52}.Release|Any CPU.Build.0 = Release|Any CPU
	EndGlobalSection
	GlobalSection(SolutionProperties) = preSolution
		HideSolutionNode = FALSE
	EndGlobalSection
	GlobalSection(ExtensibilityGlobals) = postSolution
		SolutionGuid = {8A10A036-46D5-4659-98C9-2D7DA872CAEE}
	EndGlobalSection
EndGlobal
